// !$*UTF8*$!
{
	archiveVersion = 1;
	classes = {
	};
	objectVersion = 50;
	objects = {

/* Begin PBXBuildFile section */
		54473FFD2517AB43000912A7 /* AppDelegate.swift in Sources */ = {isa = PBXBuildFile; fileRef = 54473FFC2517AB43000912A7 /* AppDelegate.swift */; };
		544740012517AB43000912A7 /* ViewController.swift in Sources */ = {isa = PBXBuildFile; fileRef = 544740002517AB43000912A7 /* ViewController.swift */; };
		544740042517AB43000912A7 /* Main.storyboard in Resources */ = {isa = PBXBuildFile; fileRef = 544740022517AB43000912A7 /* Main.storyboard */; };
		544740062517AB49000912A7 /* Assets.xcassets in Resources */ = {isa = PBXBuildFile; fileRef = 544740052517AB49000912A7 /* Assets.xcassets */; };
		544740092517AB49000912A7 /* LaunchScreen.storyboard in Resources */ = {isa = PBXBuildFile; fileRef = 544740072517AB49000912A7 /* LaunchScreen.storyboard */; };
		544740182517AFA1000912A7 /* MenuTableViewController.swift in Sources */ = {isa = PBXBuildFile; fileRef = 544740172517AFA1000912A7 /* MenuTableViewController.swift */; };
		545AAC932519D1C700FF1D27 /* CleaningServicesBuilder.swift in Sources */ = {isa = PBXBuildFile; fileRef = 545AAC922519D1C700FF1D27 /* CleaningServicesBuilder.swift */; };
		545AAC962519D42A00FF1D27 /* HomeInfoBuilder.swift in Sources */ = {isa = PBXBuildFile; fileRef = 545AAC952519D42A00FF1D27 /* HomeInfoBuilder.swift */; };
		545AAC9C2519D71000FF1D27 /* HomeInfo.swift in Sources */ = {isa = PBXBuildFile; fileRef = 545AAC9B2519D71000FF1D27 /* HomeInfo.swift */; };
		545AAC9F251A442900FF1D27 /* RoomSize.swift in Sources */ = {isa = PBXBuildFile; fileRef = 545AAC9E251A442900FF1D27 /* RoomSize.swift */; };
		545AACA1251A4D2100FF1D27 /* HomeInfoViewController.swift in Sources */ = {isa = PBXBuildFile; fileRef = 545AACA0251A4D2100FF1D27 /* HomeInfoViewController.swift */; };
		545AACA7251AA47D00FF1D27 /* CleaningServices.storyboard in Resources */ = {isa = PBXBuildFile; fileRef = 545AACA6251AA47D00FF1D27 /* CleaningServices.storyboard */; };
		545AACA9251AA4BF00FF1D27 /* CleaningServices.xcassets in Resources */ = {isa = PBXBuildFile; fileRef = 545AACA8251AA4BF00FF1D27 /* CleaningServices.xcassets */; };
		545DB4662517CC9900D3414F /* ServerEnvironments.plist in Resources */ = {isa = PBXBuildFile; fileRef = 545DB4652517CC9900D3414F /* ServerEnvironments.plist */; };
		549C652D2518A8E500B86565 /* Welcome.storyboard in Resources */ = {isa = PBXBuildFile; fileRef = 549C652C2518A8E500B86565 /* Welcome.storyboard */; };
		549C652F2518AA3800B86565 /* Welcome.xcassets in Resources */ = {isa = PBXBuildFile; fileRef = 549C652E2518AA3800B86565 /* Welcome.xcassets */; };
		549C65312518B01200B86565 /* WelcomePageViewController.swift in Sources */ = {isa = PBXBuildFile; fileRef = 549C65302518B01200B86565 /* WelcomePageViewController.swift */; };
		549C65332518B30B00B86565 /* WelcomeViewController.swift in Sources */ = {isa = PBXBuildFile; fileRef = 549C65322518B30B00B86565 /* WelcomeViewController.swift */; };
		549C653525191A8A00B86565 /* SceneDelegate.swift in Sources */ = {isa = PBXBuildFile; fileRef = 549C653425191A8A00B86565 /* SceneDelegate.swift */; };
/* End PBXBuildFile section */

/* Begin PBXFileReference section */
		54473FF92517AB43000912A7 /* RWClean.app */ = {isa = PBXFileReference; explicitFileType = wrapper.application; includeInIndex = 0; path = RWClean.app; sourceTree = BUILT_PRODUCTS_DIR; };
		54473FFC2517AB43000912A7 /* AppDelegate.swift */ = {isa = PBXFileReference; lastKnownFileType = sourcecode.swift; path = AppDelegate.swift; sourceTree = "<group>"; };
		544740002517AB43000912A7 /* ViewController.swift */ = {isa = PBXFileReference; lastKnownFileType = sourcecode.swift; path = ViewController.swift; sourceTree = "<group>"; };
		544740032517AB43000912A7 /* Base */ = {isa = PBXFileReference; lastKnownFileType = file.storyboard; name = Base; path = Base.lproj/Main.storyboard; sourceTree = "<group>"; };
		544740052517AB49000912A7 /* Assets.xcassets */ = {isa = PBXFileReference; lastKnownFileType = folder.assetcatalog; path = Assets.xcassets; sourceTree = "<group>"; };
		544740082517AB49000912A7 /* Base */ = {isa = PBXFileReference; lastKnownFileType = file.storyboard; name = Base; path = Base.lproj/LaunchScreen.storyboard; sourceTree = "<group>"; };
		5447400A2517AB49000912A7 /* Info.plist */ = {isa = PBXFileReference; lastKnownFileType = text.plist.xml; path = Info.plist; sourceTree = "<group>"; };
		544740172517AFA1000912A7 /* MenuTableViewController.swift */ = {isa = PBXFileReference; lastKnownFileType = sourcecode.swift; path = MenuTableViewController.swift; sourceTree = "<group>"; };
		545AAC922519D1C700FF1D27 /* CleaningServicesBuilder.swift */ = {isa = PBXFileReference; lastKnownFileType = sourcecode.swift; path = CleaningServicesBuilder.swift; sourceTree = "<group>"; };
		545AAC952519D42A00FF1D27 /* HomeInfoBuilder.swift */ = {isa = PBXFileReference; lastKnownFileType = sourcecode.swift; path = HomeInfoBuilder.swift; sourceTree = "<group>"; };
		545AAC9B2519D71000FF1D27 /* HomeInfo.swift */ = {isa = PBXFileReference; lastKnownFileType = sourcecode.swift; path = HomeInfo.swift; sourceTree = "<group>"; };
		545AAC9E251A442900FF1D27 /* RoomSize.swift */ = {isa = PBXFileReference; lastKnownFileType = sourcecode.swift; path = RoomSize.swift; sourceTree = "<group>"; };
		545AACA0251A4D2100FF1D27 /* HomeInfoViewController.swift */ = {isa = PBXFileReference; lastKnownFileType = sourcecode.swift; path = HomeInfoViewController.swift; sourceTree = "<group>"; };
		545AACA6251AA47D00FF1D27 /* CleaningServices.storyboard */ = {isa = PBXFileReference; lastKnownFileType = file.storyboard; path = CleaningServices.storyboard; sourceTree = "<group>"; };
		545AACA8251AA4BF00FF1D27 /* CleaningServices.xcassets */ = {isa = PBXFileReference; lastKnownFileType = folder.assetcatalog; path = CleaningServices.xcassets; sourceTree = "<group>"; };
		545DB4652517CC9900D3414F /* ServerEnvironments.plist */ = {isa = PBXFileReference; lastKnownFileType = text.plist.xml; path = ServerEnvironments.plist; sourceTree = "<group>"; };
		549C652C2518A8E500B86565 /* Welcome.storyboard */ = {isa = PBXFileReference; lastKnownFileType = file.storyboard; path = Welcome.storyboard; sourceTree = "<group>"; };
		549C652E2518AA3800B86565 /* Welcome.xcassets */ = {isa = PBXFileReference; lastKnownFileType = folder.assetcatalog; path = Welcome.xcassets; sourceTree = "<group>"; };
		549C65302518B01200B86565 /* WelcomePageViewController.swift */ = {isa = PBXFileReference; lastKnownFileType = sourcecode.swift; path = WelcomePageViewController.swift; sourceTree = "<group>"; };
		549C65322518B30B00B86565 /* WelcomeViewController.swift */ = {isa = PBXFileReference; lastKnownFileType = sourcecode.swift; path = WelcomeViewController.swift; sourceTree = "<group>"; };
		549C653425191A8A00B86565 /* SceneDelegate.swift */ = {isa = PBXFileReference; fileEncoding = 4; lastKnownFileType = sourcecode.swift; path = SceneDelegate.swift; sourceTree = "<group>"; };
/* End PBXFileReference section */

/* Begin PBXFrameworksBuildPhase section */
		54473FF62517AB43000912A7 /* Frameworks */ = {
			isa = PBXFrameworksBuildPhase;
			buildActionMask = 2147483647;
			files = (
			);
			runOnlyForDeploymentPostprocessing = 0;
		};
/* End PBXFrameworksBuildPhase section */

/* Begin PBXGroup section */
		54473FF02517AB43000912A7 = {
			isa = PBXGroup;
			children = (
				54473FFB2517AB43000912A7 /* RWClean */,
				54473FFA2517AB43000912A7 /* Products */,
			);
			sourceTree = "<group>";
		};
		54473FFA2517AB43000912A7 /* Products */ = {
			isa = PBXGroup;
			children = (
				54473FF92517AB43000912A7 /* RWClean.app */,
			);
			name = Products;
			sourceTree = "<group>";
		};
		54473FFB2517AB43000912A7 /* RWClean */ = {
			isa = PBXGroup;
			children = (
				544740102517AB77000912A7 /* App */,
				545AAC912519D1A100FF1D27 /* Cleaning Services */,
				545AAC942519D40200FF1D27 /* Home Info */,
				549C65282518A88400B86565 /* Welcome */,
				544740002517AB43000912A7 /* ViewController.swift */,
				5447400A2517AB49000912A7 /* Info.plist */,
			);
			path = RWClean;
			sourceTree = "<group>";
		};
		544740102517AB77000912A7 /* App */ = {
			isa = PBXGroup;
			children = (
				544740112517AE0E000912A7 /* AppDelegate */,
				544740162517AF14000912A7 /* Views */,
				544740152517AEE2000912A7 /* SupportingFiles */,
				544740142517AED6000912A7 /* Resources */,
				544740132517AEB0000912A7 /* ViewControllers */,
				544740122517AE9F000912A7 /* SceneDelegate */,
			);
			path = App;
			sourceTree = "<group>";
		};
		544740112517AE0E000912A7 /* AppDelegate */ = {
			isa = PBXGroup;
			children = (
				54473FFC2517AB43000912A7 /* AppDelegate.swift */,
			);
			path = AppDelegate;
			sourceTree = "<group>";
		};
		544740122517AE9F000912A7 /* SceneDelegate */ = {
			isa = PBXGroup;
			children = (
				549C653425191A8A00B86565 /* SceneDelegate.swift */,
			);
			path = SceneDelegate;
			sourceTree = "<group>";
		};
		544740132517AEB0000912A7 /* ViewControllers */ = {
			isa = PBXGroup;
			children = (
				544740172517AFA1000912A7 /* MenuTableViewController.swift */,
			);
			path = ViewControllers;
			sourceTree = "<group>";
		};
		544740142517AED6000912A7 /* Resources */ = {
			isa = PBXGroup;
			children = (
				544740052517AB49000912A7 /* Assets.xcassets */,
			);
			path = Resources;
			sourceTree = "<group>";
		};
		544740152517AEE2000912A7 /* SupportingFiles */ = {
			isa = PBXGroup;
			children = (
				545DB4652517CC9900D3414F /* ServerEnvironments.plist */,
			);
			path = SupportingFiles;
			sourceTree = "<group>";
		};
		544740162517AF14000912A7 /* Views */ = {
			isa = PBXGroup;
			children = (
				544740022517AB43000912A7 /* Main.storyboard */,
				544740072517AB49000912A7 /* LaunchScreen.storyboard */,
			);
			path = Views;
			sourceTree = "<group>";
		};
		545AAC912519D1A100FF1D27 /* Cleaning Services */ = {
			isa = PBXGroup;
			children = (
				545AACA5251AA44400FF1D27 /* Controllers */,
				545AACA3251AA40E00FF1D27 /* Resources */,
				545AACA2251AA3FD00FF1D27 /* Views */,
				545AAC9D251A441900FF1D27 /* Models */,
				545AAC922519D1C700FF1D27 /* CleaningServicesBuilder.swift */,
			);
			path = "Cleaning Services";
			sourceTree = "<group>";
		};
		545AAC942519D40200FF1D27 /* Home Info */ = {
			isa = PBXGroup;
			children = (
				545AAC9A2519D6C100FF1D27 /* Resources */,
				545AAC992519D6AF00FF1D27 /* Models */,
				545AAC982519D6A200FF1D27 /* Controllers */,
				545AAC972519D69900FF1D27 /* Views */,
				545AAC952519D42A00FF1D27 /* HomeInfoBuilder.swift */,
			);
			path = "Home Info";
			sourceTree = "<group>";
		};
		545AAC972519D69900FF1D27 /* Views */ = {
			isa = PBXGroup;
			children = (
			);
			path = Views;
			sourceTree = "<group>";
		};
		545AAC982519D6A200FF1D27 /* Controllers */ = {
			isa = PBXGroup;
			children = (
				545AACA0251A4D2100FF1D27 /* HomeInfoViewController.swift */,
			);
			path = Controllers;
			sourceTree = "<group>";
		};
		545AAC992519D6AF00FF1D27 /* Models */ = {
			isa = PBXGroup;
			children = (
				545AAC9B2519D71000FF1D27 /* HomeInfo.swift */,
			);
			path = Models;
			sourceTree = "<group>";
		};
		545AAC9A2519D6C100FF1D27 /* Resources */ = {
			isa = PBXGroup;
			children = (
			);
			path = Resources;
			sourceTree = "<group>";
		};
		545AAC9D251A441900FF1D27 /* Models */ = {
			isa = PBXGroup;
			children = (
				545AAC9E251A442900FF1D27 /* RoomSize.swift */,
			);
			path = Models;
			sourceTree = "<group>";
		};
		545AACA2251AA3FD00FF1D27 /* Views */ = {
			isa = PBXGroup;
			children = (
				545AACA6251AA47D00FF1D27 /* CleaningServices.storyboard */,
			);
			path = Views;
			sourceTree = "<group>";
		};
		545AACA3251AA40E00FF1D27 /* Resources */ = {
			isa = PBXGroup;
			children = (
				545AACA8251AA4BF00FF1D27 /* CleaningServices.xcassets */,
			);
			path = Resources;
			sourceTree = "<group>";
		};
		545AACA5251AA44400FF1D27 /* Controllers */ = {
			isa = PBXGroup;
			children = (
			);
			path = Controllers;
			sourceTree = "<group>";
		};
		549C65282518A88400B86565 /* Welcome */ = {
			isa = PBXGroup;
			children = (
				549C652B2518A8C400B86565 /* Views */,
				549C652A2518A8B900B86565 /* Resources */,
				549C65292518A8A100B86565 /* Controllers */,
			);
			path = Welcome;
			sourceTree = "<group>";
		};
		549C65292518A8A100B86565 /* Controllers */ = {
			isa = PBXGroup;
			children = (
				549C65302518B01200B86565 /* WelcomePageViewController.swift */,
				549C65322518B30B00B86565 /* WelcomeViewController.swift */,
			);
			path = Controllers;
			sourceTree = "<group>";
		};
		549C652A2518A8B900B86565 /* Resources */ = {
			isa = PBXGroup;
			children = (
				549C652E2518AA3800B86565 /* Welcome.xcassets */,
			);
			path = Resources;
			sourceTree = "<group>";
		};
		549C652B2518A8C400B86565 /* Views */ = {
			isa = PBXGroup;
			children = (
				549C652C2518A8E500B86565 /* Welcome.storyboard */,
			);
			path = Views;
			sourceTree = "<group>";
		};
/* End PBXGroup section */

/* Begin PBXNativeTarget section */
		54473FF82517AB43000912A7 /* RWClean */ = {
			isa = PBXNativeTarget;
			buildConfigurationList = 5447400D2517AB49000912A7 /* Build configuration list for PBXNativeTarget "RWClean" */;
			buildPhases = (
				54473FF52517AB43000912A7 /* Sources */,
				54473FF62517AB43000912A7 /* Frameworks */,
				54473FF72517AB43000912A7 /* Resources */,
			);
			buildRules = (
			);
			dependencies = (
			);
			name = RWClean;
			productName = RWClean;
			productReference = 54473FF92517AB43000912A7 /* RWClean.app */;
			productType = "com.apple.product-type.application";
		};
/* End PBXNativeTarget section */

/* Begin PBXProject section */
		54473FF12517AB43000912A7 /* Project object */ = {
			isa = PBXProject;
			attributes = {
				LastSwiftUpdateCheck = 1150;
				LastUpgradeCheck = 1150;
				ORGANIZATIONNAME = Mdo;
				TargetAttributes = {
					54473FF82517AB43000912A7 = {
						CreatedOnToolsVersion = 11.5;
					};
				};
			};
			buildConfigurationList = 54473FF42517AB43000912A7 /* Build configuration list for PBXProject "RWClean" */;
			compatibilityVersion = "Xcode 9.3";
			developmentRegion = en;
			hasScannedForEncodings = 0;
			knownRegions = (
				en,
				Base,
			);
			mainGroup = 54473FF02517AB43000912A7;
			productRefGroup = 54473FFA2517AB43000912A7 /* Products */;
			projectDirPath = "";
			projectRoot = "";
			targets = (
				54473FF82517AB43000912A7 /* RWClean */,
			);
		};
/* End PBXProject section */

/* Begin PBXResourcesBuildPhase section */
		54473FF72517AB43000912A7 /* Resources */ = {
			isa = PBXResourcesBuildPhase;
			buildActionMask = 2147483647;
			files = (
				549C652D2518A8E500B86565 /* Welcome.storyboard in Resources */,
				544740092517AB49000912A7 /* LaunchScreen.storyboard in Resources */,
				545AACA9251AA4BF00FF1D27 /* CleaningServices.xcassets in Resources */,
				549C652F2518AA3800B86565 /* Welcome.xcassets in Resources */,
				545AACA7251AA47D00FF1D27 /* CleaningServices.storyboard in Resources */,
				545DB4662517CC9900D3414F /* ServerEnvironments.plist in Resources */,
				544740062517AB49000912A7 /* Assets.xcassets in Resources */,
				544740042517AB43000912A7 /* Main.storyboard in Resources */,
			);
			runOnlyForDeploymentPostprocessing = 0;
		};
/* End PBXResourcesBuildPhase section */

/* Begin PBXSourcesBuildPhase section */
		54473FF52517AB43000912A7 /* Sources */ = {
			isa = PBXSourcesBuildPhase;
			buildActionMask = 2147483647;
			files = (
				545AAC9C2519D71000FF1D27 /* HomeInfo.swift in Sources */,
				544740182517AFA1000912A7 /* MenuTableViewController.swift in Sources */,
				545AACA1251A4D2100FF1D27 /* HomeInfoViewController.swift in Sources */,
				544740012517AB43000912A7 /* ViewController.swift in Sources */,
				54473FFD2517AB43000912A7 /* AppDelegate.swift in Sources */,
				549C65332518B30B00B86565 /* WelcomeViewController.swift in Sources */,
				545AAC962519D42A00FF1D27 /* HomeInfoBuilder.swift in Sources */,
				549C65312518B01200B86565 /* WelcomePageViewController.swift in Sources */,
				549C653525191A8A00B86565 /* SceneDelegate.swift in Sources */,
				545AAC932519D1C700FF1D27 /* CleaningServicesBuilder.swift in Sources */,
				545AAC9F251A442900FF1D27 /* RoomSize.swift in Sources */,
			);
			runOnlyForDeploymentPostprocessing = 0;
		};
/* End PBXSourcesBuildPhase section */

/* Begin PBXVariantGroup section */
		544740022517AB43000912A7 /* Main.storyboard */ = {
			isa = PBXVariantGroup;
			children = (
				544740032517AB43000912A7 /* Base */,
			);
			name = Main.storyboard;
			sourceTree = "<group>";
		};
		544740072517AB49000912A7 /* LaunchScreen.storyboard */ = {
			isa = PBXVariantGroup;
			children = (
				544740082517AB49000912A7 /* Base */,
			);
			name = LaunchScreen.storyboard;
			sourceTree = "<group>";
		};
/* End PBXVariantGroup section */

/* Begin XCBuildConfiguration section */
		5447400B2517AB49000912A7 /* Debug */ = {
			isa = XCBuildConfiguration;
			buildSettings = {
				ALWAYS_SEARCH_USER_PATHS = NO;
				CLANG_ANALYZER_NONNULL = YES;
				CLANG_ANALYZER_NUMBER_OBJECT_CONVERSION = YES_AGGRESSIVE;
				CLANG_CXX_LANGUAGE_STANDARD = "gnu++14";
				CLANG_CXX_LIBRARY = "libc++";
				CLANG_ENABLE_MODULES = YES;
				CLANG_ENABLE_OBJC_ARC = YES;
				CLANG_ENABLE_OBJC_WEAK = YES;
				CLANG_WARN_BLOCK_CAPTURE_AUTORELEASING = YES;
				CLANG_WARN_BOOL_CONVERSION = YES;
				CLANG_WARN_COMMA = YES;
				CLANG_WARN_CONSTANT_CONVERSION = YES;
				CLANG_WARN_DEPRECATED_OBJC_IMPLEMENTATIONS = YES;
				CLANG_WARN_DIRECT_OBJC_ISA_USAGE = YES_ERROR;
				CLANG_WARN_DOCUMENTATION_COMMENTS = YES;
				CLANG_WARN_EMPTY_BODY = YES;
				CLANG_WARN_ENUM_CONVERSION = YES;
				CLANG_WARN_INFINITE_RECURSION = YES;
				CLANG_WARN_INT_CONVERSION = YES;
				CLANG_WARN_NON_LITERAL_NULL_CONVERSION = YES;
				CLANG_WARN_OBJC_IMPLICIT_RETAIN_SELF = YES;
				CLANG_WARN_OBJC_LITERAL_CONVERSION = YES;
				CLANG_WARN_OBJC_ROOT_CLASS = YES_ERROR;
				CLANG_WARN_RANGE_LOOP_ANALYSIS = YES;
				CLANG_WARN_STRICT_PROTOTYPES = YES;
				CLANG_WARN_SUSPICIOUS_MOVE = YES;
				CLANG_WARN_UNGUARDED_AVAILABILITY = YES_AGGRESSIVE;
				CLANG_WARN_UNREACHABLE_CODE = YES;
				CLANG_WARN__DUPLICATE_METHOD_MATCH = YES;
				COPY_PHASE_STRIP = NO;
				DEBUG_INFORMATION_FORMAT = dwarf;
				ENABLE_STRICT_OBJC_MSGSEND = YES;
				ENABLE_TESTABILITY = YES;
				GCC_C_LANGUAGE_STANDARD = gnu11;
				GCC_DYNAMIC_NO_PIC = NO;
				GCC_NO_COMMON_BLOCKS = YES;
				GCC_OPTIMIZATION_LEVEL = 0;
				GCC_PREPROCESSOR_DEFINITIONS = (
					"DEBUG=1",
					"$(inherited)",
				);
				GCC_WARN_64_TO_32_BIT_CONVERSION = YES;
				GCC_WARN_ABOUT_RETURN_TYPE = YES_ERROR;
				GCC_WARN_UNDECLARED_SELECTOR = YES;
				GCC_WARN_UNINITIALIZED_AUTOS = YES_AGGRESSIVE;
				GCC_WARN_UNUSED_FUNCTION = YES;
				GCC_WARN_UNUSED_VARIABLE = YES;
				IPHONEOS_DEPLOYMENT_TARGET = 13.5;
				MTL_ENABLE_DEBUG_INFO = INCLUDE_SOURCE;
				MTL_FAST_MATH = YES;
				ONLY_ACTIVE_ARCH = YES;
				SDKROOT = iphoneos;
				SWIFT_ACTIVE_COMPILATION_CONDITIONS = DEBUG;
				SWIFT_OPTIMIZATION_LEVEL = "-Onone";
			};
			name = Debug;
		};
		5447400C2517AB49000912A7 /* Release */ = {
			isa = XCBuildConfiguration;
			buildSettings = {
				ALWAYS_SEARCH_USER_PATHS = NO;
				CLANG_ANALYZER_NONNULL = YES;
				CLANG_ANALYZER_NUMBER_OBJECT_CONVERSION = YES_AGGRESSIVE;
				CLANG_CXX_LANGUAGE_STANDARD = "gnu++14";
				CLANG_CXX_LIBRARY = "libc++";
				CLANG_ENABLE_MODULES = YES;
				CLANG_ENABLE_OBJC_ARC = YES;
				CLANG_ENABLE_OBJC_WEAK = YES;
				CLANG_WARN_BLOCK_CAPTURE_AUTORELEASING = YES;
				CLANG_WARN_BOOL_CONVERSION = YES;
				CLANG_WARN_COMMA = YES;
				CLANG_WARN_CONSTANT_CONVERSION = YES;
				CLANG_WARN_DEPRECATED_OBJC_IMPLEMENTATIONS = YES;
				CLANG_WARN_DIRECT_OBJC_ISA_USAGE = YES_ERROR;
				CLANG_WARN_DOCUMENTATION_COMMENTS = YES;
				CLANG_WARN_EMPTY_BODY = YES;
				CLANG_WARN_ENUM_CONVERSION = YES;
				CLANG_WARN_INFINITE_RECURSION = YES;
				CLANG_WARN_INT_CONVERSION = YES;
				CLANG_WARN_NON_LITERAL_NULL_CONVERSION = YES;
				CLANG_WARN_OBJC_IMPLICIT_RETAIN_SELF = YES;
				CLANG_WARN_OBJC_LITERAL_CONVERSION = YES;
				CLANG_WARN_OBJC_ROOT_CLASS = YES_ERROR;
				CLANG_WARN_RANGE_LOOP_ANALYSIS = YES;
				CLANG_WARN_STRICT_PROTOTYPES = YES;
				CLANG_WARN_SUSPICIOUS_MOVE = YES;
				CLANG_WARN_UNGUARDED_AVAILABILITY = YES_AGGRESSIVE;
				CLANG_WARN_UNREACHABLE_CODE = YES;
				CLANG_WARN__DUPLICATE_METHOD_MATCH = YES;
				COPY_PHASE_STRIP = NO;
				DEBUG_INFORMATION_FORMAT = "dwarf-with-dsym";
				ENABLE_NS_ASSERTIONS = NO;
				ENABLE_STRICT_OBJC_MSGSEND = YES;
				GCC_C_LANGUAGE_STANDARD = gnu11;
				GCC_NO_COMMON_BLOCKS = YES;
				GCC_WARN_64_TO_32_BIT_CONVERSION = YES;
				GCC_WARN_ABOUT_RETURN_TYPE = YES_ERROR;
				GCC_WARN_UNDECLARED_SELECTOR = YES;
				GCC_WARN_UNINITIALIZED_AUTOS = YES_AGGRESSIVE;
				GCC_WARN_UNUSED_FUNCTION = YES;
				GCC_WARN_UNUSED_VARIABLE = YES;
				IPHONEOS_DEPLOYMENT_TARGET = 13.5;
				MTL_ENABLE_DEBUG_INFO = NO;
				MTL_FAST_MATH = YES;
				SDKROOT = iphoneos;
				SWIFT_COMPILATION_MODE = wholemodule;
				SWIFT_OPTIMIZATION_LEVEL = "-O";
				VALIDATE_PRODUCT = YES;
			};
			name = Release;
		};
		5447400E2517AB49000912A7 /* Debug */ = {
			isa = XCBuildConfiguration;
			buildSettings = {
				ASSETCATALOG_COMPILER_APPICON_NAME = AppIcon;
				CODE_SIGN_STYLE = Automatic;
				DEVELOPMENT_TEAM = 52RKNGF8WA;
				INFOPLIST_FILE = RWClean/Info.plist;
				LD_RUNPATH_SEARCH_PATHS = (
					"$(inherited)",
					"@executable_path/Frameworks",
				);
				PRODUCT_BUNDLE_IDENTIFIER = com.mdo.ios.RWClean;
				PRODUCT_NAME = "$(TARGET_NAME)";
				SWIFT_VERSION = 5.0;
				TARGETED_DEVICE_FAMILY = "1,2";
			};
			name = Debug;
		};
		5447400F2517AB49000912A7 /* Release */ = {
			isa = XCBuildConfiguration;
			buildSettings = {
				ASSETCATALOG_COMPILER_APPICON_NAME = AppIcon;
				CODE_SIGN_STYLE = Automatic;
				DEVELOPMENT_TEAM = 52RKNGF8WA;
				INFOPLIST_FILE = RWClean/Info.plist;
				LD_RUNPATH_SEARCH_PATHS = (
					"$(inherited)",
					"@executable_path/Frameworks",
				);
				PRODUCT_BUNDLE_IDENTIFIER = com.mdo.ios.RWClean;
				PRODUCT_NAME = "$(TARGET_NAME)";
				SWIFT_VERSION = 5.0;
				TARGETED_DEVICE_FAMILY = "1,2";
			};
			name = Release;
		};
/* End XCBuildConfiguration section */

/* Begin XCConfigurationList section */
		54473FF42517AB43000912A7 /* Build configuration list for PBXProject "RWClean" */ = {
			isa = XCConfigurationList;
			buildConfigurations = (
				5447400B2517AB49000912A7 /* Debug */,
				5447400C2517AB49000912A7 /* Release */,
			);
			defaultConfigurationIsVisible = 0;
			defaultConfigurationName = Release;
		};
		5447400D2517AB49000912A7 /* Build configuration list for PBXNativeTarget "RWClean" */ = {
			isa = XCConfigurationList;
			buildConfigurations = (
				5447400E2517AB49000912A7 /* Debug */,
				5447400F2517AB49000912A7 /* Release */,
			);
			defaultConfigurationIsVisible = 0;
			defaultConfigurationName = Release;
		};
/* End XCConfigurationList section */
	};
	rootObject = 54473FF12517AB43000912A7 /* Project object */;
}
